
Microsoft Visual Studio Solution File, Format Version 12.00
# Visual Studio Version 17
VisualStudioVersion = 17.5.002.0
MinimumVisualStudioVersion = 10.0.40219.1
Project("{9A19103F-16F7-4668-BE54-9A1E7A4F7556}") = "fincharts", "api/api.csproj", "{2134E82C-8618-4F3A-BF11-2495F4340FA8}"
EndProject
Global
	GlobalSection(SolutionConfigurationPlatforms) = preSolution
		Debug|Any CPU = Debug|Any CPU
		Release|Any CPU = Release|Any CPU
	EndGlobalSection
	GlobalSection(ProjectConfigurationPlatforms) = postSolution
		{2134E82C-8618-4F3A-BF11-2495F4340FA8}.Debug|Any CPU.ActiveCfg = Debug|Any CPU
		{2134E82C-8618-4F3A-BF11-2495F4340FA8}.Debug|Any CPU.Build.0 = Debug|Any CPU
		{2134E82C-8618-4F3A-BF11-2495F4340FA8}.Release|Any CPU.ActiveCfg = Release|Any CPU
		{2134E82C-8618-4F3A-BF11-2495F4340FA8}.Release|Any CPU.Build.0 = Release|Any CPU
	EndGlobalSection
	GlobalSection(SolutionProperties) = preSolution
		HideSolutionNode = FALSE
	EndGlobalSection
	GlobalSection(ExtensibilityGlobals) = postSolution
		SolutionGuid = {3732F6FF-2572-4EC6-8635-DD4AB7FE6A0A}
	EndGlobalSection
EndGlobal
